
Microsoft Visual Studio Solution File, Format Version 12.00
# Visual Studio Version 16
VisualStudioVersion = 16.0.31205.134
MinimumVisualStudioVersion = 10.0.40219.1
Project("{9A19103F-16F7-4668-BE54-9A1E7A4F7556}") = "RockPaperScissors", "RockPaperScissors\RockPaperScissors.csproj", "{24F9B023-2A0A-4B96-B1D5-87365F320FE5}"
EndProject
Project("{FAE04EC0-301F-11D3-BF4B-00C04F79EFBC}") = "WorkingDay", "WorkingDay\WorkingDay.csproj", "{6AAC592B-72AB-43A3-9AA0-E91C20F4C24E}"
EndProject
Global
	GlobalSection(SolutionConfigurationPlatforms) = preSolution
		Debug|Any CPU = Debug|Any CPU
		Release|Any CPU = Release|Any CPU
	EndGlobalSection
	GlobalSection(ProjectConfigurationPlatforms) = postSolution
		{24F9B023-2A0A-4B96-B1D5-87365F320FE5}.Debug|Any CPU.ActiveCfg = Debug|Any CPU
		{24F9B023-2A0A-4B96-B1D5-87365F320FE5}.Debug|Any CPU.Build.0 = Debug|Any CPU
		{24F9B023-2A0A-4B96-B1D5-87365F320FE5}.Release|Any CPU.ActiveCfg = Release|Any CPU
		{24F9B023-2A0A-4B96-B1D5-87365F320FE5}.Release|Any CPU.Build.0 = Release|Any CPU
		{6AAC592B-72AB-43A3-9AA0-E91C20F4C24E}.Debug|Any CPU.ActiveCfg = Debug|Any CPU
		{6AAC592B-72AB-43A3-9AA0-E91C20F4C24E}.Debug|Any CPU.Build.0 = Debug|Any CPU
		{6AAC592B-72AB-43A3-9AA0-E91C20F4C24E}.Release|Any CPU.ActiveCfg = Release|Any CPU
		{6AAC592B-72AB-43A3-9AA0-E91C20F4C24E}.Release|Any CPU.Build.0 = Release|Any CPU
	EndGlobalSection
	GlobalSection(SolutionProperties) = preSolution
		HideSolutionNode = FALSE
	EndGlobalSection
	GlobalSection(ExtensibilityGlobals) = postSolution
		SolutionGuid = {035AB676-E0E3-4181-A30E-00EBE3502B46}
	EndGlobalSection
EndGlobal
