
Microsoft Visual Studio Solution File, Format Version 12.00
# Visual Studio Version 16
VisualStudioVersion = 16.0.31129.286
MinimumVisualStudioVersion = 10.0.40219.1
Project("{FAE04EC0-301F-11D3-BF4B-00C04F79EFBC}") = "Homework_Class05", "Homework_Class05\Homework_Class05.csproj", "{206E165E-F77D-46A8-971F-FDF98ED4D764}"
EndProject
Global
	GlobalSection(SolutionConfigurationPlatforms) = preSolution
		Debug|Any CPU = Debug|Any CPU
		Release|Any CPU = Release|Any CPU
	EndGlobalSection
	GlobalSection(ProjectConfigurationPlatforms) = postSolution
		{206E165E-F77D-46A8-971F-FDF98ED4D764}.Debug|Any CPU.ActiveCfg = Debug|Any CPU
		{206E165E-F77D-46A8-971F-FDF98ED4D764}.Debug|Any CPU.Build.0 = Debug|Any CPU
		{206E165E-F77D-46A8-971F-FDF98ED4D764}.Release|Any CPU.ActiveCfg = Release|Any CPU
		{206E165E-F77D-46A8-971F-FDF98ED4D764}.Release|Any CPU.Build.0 = Release|Any CPU
	EndGlobalSection
	GlobalSection(SolutionProperties) = preSolution
		HideSolutionNode = FALSE
	EndGlobalSection
	GlobalSection(ExtensibilityGlobals) = postSolution
		SolutionGuid = {EC011E8F-86E6-4E57-A1BE-B76C1753D593}
	EndGlobalSection
EndGlobal
