
Microsoft Visual Studio Solution File, Format Version 12.00
# Visual Studio Version 16
VisualStudioVersion = 16.0.31313.79
MinimumVisualStudioVersion = 10.0.40219.1
Project("{9A19103F-16F7-4668-BE54-9A1E7A4F7556}") = "SEDC.TimeTracking.Domain", "SEDC.TimeTracking.Domain\SEDC.TimeTracking.Domain.csproj", "{71491631-5893-4A6B-A399-16F5F3CB4CD3}"
EndProject
Project("{9A19103F-16F7-4668-BE54-9A1E7A4F7556}") = "SEDC.TimeTracking.Services", "SEDC.TimeTracking.Services\SEDC.TimeTracking.Services.csproj", "{5D21BB8B-C309-4474-9732-954F3BDCD607}"
EndProject
Project("{FAE04EC0-301F-11D3-BF4B-00C04F79EFBC}") = "SEDC.TimeTracking.App", "SEDC.TimeTracking.App\SEDC.TimeTracking.App.csproj", "{8C98FAC5-A6B1-460F-A908-3258C7268CA2}"
EndProject
Global
	GlobalSection(SolutionConfigurationPlatforms) = preSolution
		Debug|Any CPU = Debug|Any CPU
		Release|Any CPU = Release|Any CPU
	EndGlobalSection
	GlobalSection(ProjectConfigurationPlatforms) = postSolution
		{71491631-5893-4A6B-A399-16F5F3CB4CD3}.Debug|Any CPU.ActiveCfg = Debug|Any CPU
		{71491631-5893-4A6B-A399-16F5F3CB4CD3}.Debug|Any CPU.Build.0 = Debug|Any CPU
		{71491631-5893-4A6B-A399-16F5F3CB4CD3}.Release|Any CPU.ActiveCfg = Release|Any CPU
		{71491631-5893-4A6B-A399-16F5F3CB4CD3}.Release|Any CPU.Build.0 = Release|Any CPU
		{5D21BB8B-C309-4474-9732-954F3BDCD607}.Debug|Any CPU.ActiveCfg = Debug|Any CPU
		{5D21BB8B-C309-4474-9732-954F3BDCD607}.Debug|Any CPU.Build.0 = Debug|Any CPU
		{5D21BB8B-C309-4474-9732-954F3BDCD607}.Release|Any CPU.ActiveCfg = Release|Any CPU
		{5D21BB8B-C309-4474-9732-954F3BDCD607}.Release|Any CPU.Build.0 = Release|Any CPU
		{8C98FAC5-A6B1-460F-A908-3258C7268CA2}.Debug|Any CPU.ActiveCfg = Debug|Any CPU
		{8C98FAC5-A6B1-460F-A908-3258C7268CA2}.Debug|Any CPU.Build.0 = Debug|Any CPU
		{8C98FAC5-A6B1-460F-A908-3258C7268CA2}.Release|Any CPU.ActiveCfg = Release|Any CPU
		{8C98FAC5-A6B1-460F-A908-3258C7268CA2}.Release|Any CPU.Build.0 = Release|Any CPU
	EndGlobalSection
	GlobalSection(SolutionProperties) = preSolution
		HideSolutionNode = FALSE
	EndGlobalSection
	GlobalSection(ExtensibilityGlobals) = postSolution
		SolutionGuid = {B64F6D5B-868D-4BF6-8BBE-671268824EA4}
	EndGlobalSection
EndGlobal
